// !$*UTF8*$!
{
	archiveVersion = 1;
	classes = {
	};
	objectVersion = 56;
	objects = {

/* Begin PBXBuildFile section */
		3A1697F22B87E6B60002ED41 /* ProfileResult.swift in Sources */ = {isa = PBXBuildFile; fileRef = 3A1697F12B87E6B60002ED41 /* ProfileResult.swift */; };
		3A1697F62B88E9C00002ED41 /* Profile.swift in Sources */ = {isa = PBXBuildFile; fileRef = 3A1697F52B88E9C00002ED41 /* Profile.swift */; };
		3A1697F92B88EAB60002ED41 /* ProfileRequest.swift in Sources */ = {isa = PBXBuildFile; fileRef = 3A1697F82B88EAB60002ED41 /* ProfileRequest.swift */; };
		3A1697FA2B88F7030002ED41 /* ProfileService.swift in Sources */ = {isa = PBXBuildFile; fileRef = 3A1697F42B87EAFF0002ED41 /* ProfileService.swift */; };
		3A1697FD2B892E710002ED41 /* ProfileImageService.swift in Sources */ = {isa = PBXBuildFile; fileRef = 3A1697FC2B892E710002ED41 /* ProfileImageService.swift */; };
		3A1697FF2B892E910002ED41 /* UserResult.swift in Sources */ = {isa = PBXBuildFile; fileRef = 3A1697FE2B892E910002ED41 /* UserResult.swift */; };
		3A1698022B89502A0002ED41 /* ProfileImageRequest.swift in Sources */ = {isa = PBXBuildFile; fileRef = 3A1698012B89502A0002ED41 /* ProfileImageRequest.swift */; };
		3A1698042B89E5130002ED41 /* URLSession+extension.swift in Sources */ = {isa = PBXBuildFile; fileRef = 3A1698032B89E5130002ED41 /* URLSession+extension.swift */; };
		3A1698062B89F59D0002ED41 /* ErrorPrinter.swift in Sources */ = {isa = PBXBuildFile; fileRef = 3A1698052B89F59D0002ED41 /* ErrorPrinter.swift */; };
		3A1B6A532B45ED7C0000F349 /* ImagesListCell.swift in Sources */ = {isa = PBXBuildFile; fileRef = 3A1B6A522B45ED7C0000F349 /* ImagesListCell.swift */; };
		3A1BF11B2B7BAF320073CA61 /* SplashViewController.swift in Sources */ = {isa = PBXBuildFile; fileRef = 3A1BF11A2B7BAF320073CA61 /* SplashViewController.swift */; };
		3A32CF7A2B5C4DF70058B289 /* ProfileViewController.swift in Sources */ = {isa = PBXBuildFile; fileRef = 3A32CF792B5C4DF70058B289 /* ProfileViewController.swift */; };
		3A32CF7D2B5C56E50058B289 /* YSDisplay-Medium.ttf in Resources */ = {isa = PBXBuildFile; fileRef = 3A32CF7C2B5C56E50058B289 /* YSDisplay-Medium.ttf */; };
		3A32CF7F2B5C56EC0058B289 /* YSDisplay-Bold.ttf in Resources */ = {isa = PBXBuildFile; fileRef = 3A32CF7E2B5C56EC0058B289 /* YSDisplay-Bold.ttf */; };
		3A38400B2B448FC500094252 /* AppDelegate.swift in Sources */ = {isa = PBXBuildFile; fileRef = 3A38400A2B448FC500094252 /* AppDelegate.swift */; };
		3A38400D2B448FC500094252 /* SceneDelegate.swift in Sources */ = {isa = PBXBuildFile; fileRef = 3A38400C2B448FC500094252 /* SceneDelegate.swift */; };
		3A38400F2B448FC500094252 /* ImagesListViewController.swift in Sources */ = {isa = PBXBuildFile; fileRef = 3A38400E2B448FC500094252 /* ImagesListViewController.swift */; };
		3A3840122B448FC500094252 /* Main.storyboard in Resources */ = {isa = PBXBuildFile; fileRef = 3A3840102B448FC500094252 /* Main.storyboard */; };
		3A3840142B448FC600094252 /* Assets.xcassets in Resources */ = {isa = PBXBuildFile; fileRef = 3A3840132B448FC600094252 /* Assets.xcassets */; };
		3A3840172B448FC600094252 /* LaunchScreen.storyboard in Resources */ = {isa = PBXBuildFile; fileRef = 3A3840152B448FC600094252 /* LaunchScreen.storyboard */; };
		3A4CA15C2B692890007A0D43 /* Constants.swift in Sources */ = {isa = PBXBuildFile; fileRef = 3A4CA15B2B692890007A0D43 /* Constants.swift */; };
		3A6CCD8D2B9272D700E8773F /* UIViewController+AlertPresentation.swift in Sources */ = {isa = PBXBuildFile; fileRef = 3A6CCD8C2B9272D700E8773F /* UIViewController+AlertPresentation.swift */; };
		3A6CCD8F2B92730500E8773F /* AlertModel.swift in Sources */ = {isa = PBXBuildFile; fileRef = 3A6CCD8E2B92730500E8773F /* AlertModel.swift */; };
		3A6CCD932B94D97D00E8773F /* ImagesListService.swift in Sources */ = {isa = PBXBuildFile; fileRef = 3A6CCD922B94D97D00E8773F /* ImagesListService.swift */; };
		3A6CCD962B94DA0400E8773F /* Photo.swift in Sources */ = {isa = PBXBuildFile; fileRef = 3A6CCD952B94DA0400E8773F /* Photo.swift */; };
		3A6CCD982B94E49600E8773F /* PhotoResult.swift in Sources */ = {isa = PBXBuildFile; fileRef = 3A6CCD972B94E49600E8773F /* PhotoResult.swift */; };
		3A6CCD9B2B94E67F00E8773F /* ImageListRequest.swift in Sources */ = {isa = PBXBuildFile; fileRef = 3A6CCD9A2B94E67F00E8773F /* ImageListRequest.swift */; };
		3A6CCDA32B94F97400E8773F /* ImagesListServiceTests.swift in Sources */ = {isa = PBXBuildFile; fileRef = 3A6CCDA22B94F97400E8773F /* ImagesListServiceTests.swift */; };
		3A72FAD52B715F2600B5BD10 /* AuthViewController.swift in Sources */ = {isa = PBXBuildFile; fileRef = 3A72FAD42B715F2600B5BD10 /* AuthViewController.swift */; };
		3A72FAD82B7168EE00B5BD10 /* WebViewViewController.swift in Sources */ = {isa = PBXBuildFile; fileRef = 3A72FAD72B7168EE00B5BD10 /* WebViewViewController.swift */; };
		3A775FFD2B80C55800B2553E /* ProgressHUD in Frameworks */ = {isa = PBXBuildFile; productRef = 3A775FFC2B80C55800B2553E /* ProgressHUD */; };
		3A7760022B84EE9700B2553E /* UIBlockingProgressHUD.swift in Sources */ = {isa = PBXBuildFile; fileRef = 3A7760012B84EE9700B2553E /* UIBlockingProgressHUD.swift */; };
		3A78FFE92B603DCA00E01A33 /* SingleImageViewController.swift in Sources */ = {isa = PBXBuildFile; fileRef = 3A78FFE82B603DCA00E01A33 /* SingleImageViewController.swift */; };
		3ACFD5852B7A36E80019B543 /* RequestProtocol.swift in Sources */ = {isa = PBXBuildFile; fileRef = 3ACFD5842B7A36E80019B543 /* RequestProtocol.swift */; };
		3ACFD5882B7A370D0019B543 /* RequestType.swift in Sources */ = {isa = PBXBuildFile; fileRef = 3ACFD5872B7A370D0019B543 /* RequestType.swift */; };
		3ACFD58A2B7A37440019B543 /* NetworkError.swift in Sources */ = {isa = PBXBuildFile; fileRef = 3ACFD5892B7A37440019B543 /* NetworkError.swift */; };
		3ACFD5902B7A37FE0019B543 /* DataParser.swift in Sources */ = {isa = PBXBuildFile; fileRef = 3ACFD58F2B7A37FE0019B543 /* DataParser.swift */; };
		3ACFD5922B7A387E0019B543 /* OAuthTokenResponseBody.swift in Sources */ = {isa = PBXBuildFile; fileRef = 3ACFD5912B7A387E0019B543 /* OAuthTokenResponseBody.swift */; };
		3ACFD5942B7A52D60019B543 /* CodeRequest.swift in Sources */ = {isa = PBXBuildFile; fileRef = 3ACFD5932B7A52D60019B543 /* CodeRequest.swift */; };
		3ACFD5972B7A572B0019B543 /* TokenRequest.swift in Sources */ = {isa = PBXBuildFile; fileRef = 3ACFD5962B7A572B0019B543 /* TokenRequest.swift */; };
		3ACFD59A2B7A6EF60019B543 /* OAuth2Service.swift in Sources */ = {isa = PBXBuildFile; fileRef = 3ACFD5992B7A6EF60019B543 /* OAuth2Service.swift */; };
		3AF71A042B8B863D00E1AF00 /* Kingfisher in Frameworks */ = {isa = PBXBuildFile; productRef = 3AF71A032B8B863D00E1AF00 /* Kingfisher */; };
		3AF71A072B8B98AB00E1AF00 /* SwiftKeychainWrapper in Frameworks */ = {isa = PBXBuildFile; productRef = 3AF71A062B8B98AB00E1AF00 /* SwiftKeychainWrapper */; };
		3AF71A092B8BB57C00E1AF00 /* TabBarController.swift in Sources */ = {isa = PBXBuildFile; fileRef = 3AF71A082B8BB57C00E1AF00 /* TabBarController.swift */; };
/* End PBXBuildFile section */

/* Begin PBXContainerItemProxy section */
		3A6CCDA42B94F97400E8773F /* PBXContainerItemProxy */ = {
			isa = PBXContainerItemProxy;
			containerPortal = 3A383FFF2B448FC500094252 /* Project object */;
			proxyType = 1;
			remoteGlobalIDString = 3A3840062B448FC500094252;
			remoteInfo = ImageFeed;
		};
/* End PBXContainerItemProxy section */

/* Begin PBXFileReference section */
		3A1697F12B87E6B60002ED41 /* ProfileResult.swift */ = {isa = PBXFileReference; lastKnownFileType = sourcecode.swift; path = ProfileResult.swift; sourceTree = "<group>"; };
		3A1697F42B87EAFF0002ED41 /* ProfileService.swift */ = {isa = PBXFileReference; lastKnownFileType = sourcecode.swift; path = ProfileService.swift; sourceTree = "<group>"; };
		3A1697F52B88E9C00002ED41 /* Profile.swift */ = {isa = PBXFileReference; lastKnownFileType = sourcecode.swift; path = Profile.swift; sourceTree = "<group>"; };
		3A1697F82B88EAB60002ED41 /* ProfileRequest.swift */ = {isa = PBXFileReference; lastKnownFileType = sourcecode.swift; path = ProfileRequest.swift; sourceTree = "<group>"; };
		3A1697FC2B892E710002ED41 /* ProfileImageService.swift */ = {isa = PBXFileReference; lastKnownFileType = sourcecode.swift; path = ProfileImageService.swift; sourceTree = "<group>"; };
		3A1697FE2B892E910002ED41 /* UserResult.swift */ = {isa = PBXFileReference; lastKnownFileType = sourcecode.swift; path = UserResult.swift; sourceTree = "<group>"; };
		3A1698012B89502A0002ED41 /* ProfileImageRequest.swift */ = {isa = PBXFileReference; lastKnownFileType = sourcecode.swift; path = ProfileImageRequest.swift; sourceTree = "<group>"; };
		3A1698032B89E5130002ED41 /* URLSession+extension.swift */ = {isa = PBXFileReference; lastKnownFileType = sourcecode.swift; path = "URLSession+extension.swift"; sourceTree = "<group>"; };
		3A1698052B89F59D0002ED41 /* ErrorPrinter.swift */ = {isa = PBXFileReference; lastKnownFileType = sourcecode.swift; path = ErrorPrinter.swift; sourceTree = "<group>"; };
		3A1B6A522B45ED7C0000F349 /* ImagesListCell.swift */ = {isa = PBXFileReference; lastKnownFileType = sourcecode.swift; path = ImagesListCell.swift; sourceTree = "<group>"; };
		3A1BF11A2B7BAF320073CA61 /* SplashViewController.swift */ = {isa = PBXFileReference; lastKnownFileType = sourcecode.swift; path = SplashViewController.swift; sourceTree = "<group>"; };
		3A32CF792B5C4DF70058B289 /* ProfileViewController.swift */ = {isa = PBXFileReference; lastKnownFileType = sourcecode.swift; path = ProfileViewController.swift; sourceTree = "<group>"; };
		3A32CF7C2B5C56E50058B289 /* YSDisplay-Medium.ttf */ = {isa = PBXFileReference; lastKnownFileType = file; path = "YSDisplay-Medium.ttf"; sourceTree = "<group>"; };
		3A32CF7E2B5C56EC0058B289 /* YSDisplay-Bold.ttf */ = {isa = PBXFileReference; lastKnownFileType = file; path = "YSDisplay-Bold.ttf"; sourceTree = "<group>"; };
		3A3840072B448FC500094252 /* ImageFeed.app */ = {isa = PBXFileReference; explicitFileType = wrapper.application; includeInIndex = 0; path = ImageFeed.app; sourceTree = BUILT_PRODUCTS_DIR; };
		3A38400A2B448FC500094252 /* AppDelegate.swift */ = {isa = PBXFileReference; lastKnownFileType = sourcecode.swift; path = AppDelegate.swift; sourceTree = "<group>"; };
		3A38400C2B448FC500094252 /* SceneDelegate.swift */ = {isa = PBXFileReference; lastKnownFileType = sourcecode.swift; path = SceneDelegate.swift; sourceTree = "<group>"; };
		3A38400E2B448FC500094252 /* ImagesListViewController.swift */ = {isa = PBXFileReference; lastKnownFileType = sourcecode.swift; path = ImagesListViewController.swift; sourceTree = "<group>"; };
		3A3840112B448FC500094252 /* Base */ = {isa = PBXFileReference; lastKnownFileType = file.storyboard; name = Base; path = Base.lproj/Main.storyboard; sourceTree = "<group>"; };
		3A3840132B448FC600094252 /* Assets.xcassets */ = {isa = PBXFileReference; lastKnownFileType = folder.assetcatalog; path = Assets.xcassets; sourceTree = "<group>"; };
		3A3840162B448FC600094252 /* Base */ = {isa = PBXFileReference; lastKnownFileType = file.storyboard; name = Base; path = Base.lproj/LaunchScreen.storyboard; sourceTree = "<group>"; };
		3A3840182B448FC600094252 /* Info.plist */ = {isa = PBXFileReference; lastKnownFileType = text.plist.xml; path = Info.plist; sourceTree = "<group>"; };
		3A4CA15B2B692890007A0D43 /* Constants.swift */ = {isa = PBXFileReference; lastKnownFileType = sourcecode.swift; path = Constants.swift; sourceTree = "<group>"; };
		3A6CCD8C2B9272D700E8773F /* UIViewController+AlertPresentation.swift */ = {isa = PBXFileReference; lastKnownFileType = sourcecode.swift; path = "UIViewController+AlertPresentation.swift"; sourceTree = "<group>"; };
		3A6CCD8E2B92730500E8773F /* AlertModel.swift */ = {isa = PBXFileReference; lastKnownFileType = sourcecode.swift; path = AlertModel.swift; sourceTree = "<group>"; };
		3A6CCD922B94D97D00E8773F /* ImagesListService.swift */ = {isa = PBXFileReference; lastKnownFileType = sourcecode.swift; path = ImagesListService.swift; sourceTree = "<group>"; };
		3A6CCD952B94DA0400E8773F /* Photo.swift */ = {isa = PBXFileReference; lastKnownFileType = sourcecode.swift; path = Photo.swift; sourceTree = "<group>"; };
		3A6CCD972B94E49600E8773F /* PhotoResult.swift */ = {isa = PBXFileReference; lastKnownFileType = sourcecode.swift; path = PhotoResult.swift; sourceTree = "<group>"; };
		3A6CCD9A2B94E67F00E8773F /* ImageListRequest.swift */ = {isa = PBXFileReference; lastKnownFileType = sourcecode.swift; path = ImageListRequest.swift; sourceTree = "<group>"; };
		3A6CCDA02B94F97400E8773F /* ImageFeedTests.xctest */ = {isa = PBXFileReference; explicitFileType = wrapper.cfbundle; includeInIndex = 0; path = ImageFeedTests.xctest; sourceTree = BUILT_PRODUCTS_DIR; };
		3A6CCDA22B94F97400E8773F /* ImagesListServiceTests.swift */ = {isa = PBXFileReference; lastKnownFileType = sourcecode.swift; path = ImagesListServiceTests.swift; sourceTree = "<group>"; };
		3A72FAD42B715F2600B5BD10 /* AuthViewController.swift */ = {isa = PBXFileReference; lastKnownFileType = sourcecode.swift; path = AuthViewController.swift; sourceTree = "<group>"; };
		3A72FAD72B7168EE00B5BD10 /* WebViewViewController.swift */ = {isa = PBXFileReference; lastKnownFileType = sourcecode.swift; path = WebViewViewController.swift; sourceTree = "<group>"; };
		3A7760012B84EE9700B2553E /* UIBlockingProgressHUD.swift */ = {isa = PBXFileReference; lastKnownFileType = sourcecode.swift; path = UIBlockingProgressHUD.swift; sourceTree = "<group>"; };
		3A78FFE82B603DCA00E01A33 /* SingleImageViewController.swift */ = {isa = PBXFileReference; lastKnownFileType = sourcecode.swift; path = SingleImageViewController.swift; sourceTree = "<group>"; };
		3ACFD5842B7A36E80019B543 /* RequestProtocol.swift */ = {isa = PBXFileReference; lastKnownFileType = sourcecode.swift; path = RequestProtocol.swift; sourceTree = "<group>"; };
		3ACFD5872B7A370D0019B543 /* RequestType.swift */ = {isa = PBXFileReference; lastKnownFileType = sourcecode.swift; path = RequestType.swift; sourceTree = "<group>"; };
		3ACFD5892B7A37440019B543 /* NetworkError.swift */ = {isa = PBXFileReference; lastKnownFileType = sourcecode.swift; path = NetworkError.swift; sourceTree = "<group>"; };
		3ACFD58F2B7A37FE0019B543 /* DataParser.swift */ = {isa = PBXFileReference; lastKnownFileType = sourcecode.swift; path = DataParser.swift; sourceTree = "<group>"; };
		3ACFD5912B7A387E0019B543 /* OAuthTokenResponseBody.swift */ = {isa = PBXFileReference; lastKnownFileType = sourcecode.swift; path = OAuthTokenResponseBody.swift; sourceTree = "<group>"; };
		3ACFD5932B7A52D60019B543 /* CodeRequest.swift */ = {isa = PBXFileReference; lastKnownFileType = sourcecode.swift; path = CodeRequest.swift; sourceTree = "<group>"; };
		3ACFD5962B7A572B0019B543 /* TokenRequest.swift */ = {isa = PBXFileReference; lastKnownFileType = sourcecode.swift; path = TokenRequest.swift; sourceTree = "<group>"; };
		3ACFD5992B7A6EF60019B543 /* OAuth2Service.swift */ = {isa = PBXFileReference; lastKnownFileType = sourcecode.swift; path = OAuth2Service.swift; sourceTree = "<group>"; };
		3AF71A082B8BB57C00E1AF00 /* TabBarController.swift */ = {isa = PBXFileReference; lastKnownFileType = sourcecode.swift; path = TabBarController.swift; sourceTree = "<group>"; };
/* End PBXFileReference section */

/* Begin PBXFrameworksBuildPhase section */
		3A3840042B448FC500094252 /* Frameworks */ = {
			isa = PBXFrameworksBuildPhase;
			buildActionMask = 2147483647;
			files = (
				3AF71A042B8B863D00E1AF00 /* Kingfisher in Frameworks */,
				3A775FFD2B80C55800B2553E /* ProgressHUD in Frameworks */,
				3AF71A072B8B98AB00E1AF00 /* SwiftKeychainWrapper in Frameworks */,
			);
			runOnlyForDeploymentPostprocessing = 0;
		};
		3A6CCD9D2B94F97400E8773F /* Frameworks */ = {
			isa = PBXFrameworksBuildPhase;
			buildActionMask = 2147483647;
			files = (
			);
			runOnlyForDeploymentPostprocessing = 0;
		};
/* End PBXFrameworksBuildPhase section */

/* Begin PBXGroup section */
		3A1697EE2B87E6600002ED41 /* profileView */ = {
			isa = PBXGroup;
			children = (
				3A32CF792B5C4DF70058B289 /* ProfileViewController.swift */,
			);
			path = profileView;
			sourceTree = "<group>";
		};
		3A1697FB2B8905140002ED41 /* models */ = {
			isa = PBXGroup;
			children = (
				3A1697F52B88E9C00002ED41 /* Profile.swift */,
				3A1697F12B87E6B60002ED41 /* ProfileResult.swift */,
				3A1697FE2B892E910002ED41 /* UserResult.swift */,
			);
			name = models;
			path = ../profileView/models;
			sourceTree = "<group>";
		};
		3A1BF11E2B7BD4DB0073CA61 /* models */ = {
			isa = PBXGroup;
			children = (
				3ACFD5912B7A387E0019B543 /* OAuthTokenResponseBody.swift */,
			);
			path = models;
			sourceTree = "<group>";
		};
		3A1BF11F2B7BD4F80073CA61 /* services */ = {
			isa = PBXGroup;
			children = (
				3ACFD5992B7A6EF60019B543 /* OAuth2Service.swift */,
				3A1697F42B87EAFF0002ED41 /* ProfileService.swift */,
				3A1697FC2B892E710002ED41 /* ProfileImageService.swift */,
			);
			path = services;
			sourceTree = "<group>";
		};
		3A32CF7B2B5C56A00058B289 /* Font */ = {
			isa = PBXGroup;
			children = (
				3A32CF7E2B5C56EC0058B289 /* YSDisplay-Bold.ttf */,
				3A32CF7C2B5C56E50058B289 /* YSDisplay-Medium.ttf */,
			);
			path = Font;
			sourceTree = "<group>";
		};
		3A383FFE2B448FC500094252 = {
			isa = PBXGroup;
			children = (
				3A3840092B448FC500094252 /* ImageFeed */,
				3A6CCDA12B94F97400E8773F /* ImageFeedTests */,
				3A3840082B448FC500094252 /* Products */,
			);
			sourceTree = "<group>";
		};
		3A3840082B448FC500094252 /* Products */ = {
			isa = PBXGroup;
			children = (
				3A3840072B448FC500094252 /* ImageFeed.app */,
				3A6CCDA02B94F97400E8773F /* ImageFeedTests.xctest */,
			);
			name = Products;
			sourceTree = "<group>";
		};
		3A3840092B448FC500094252 /* ImageFeed */ = {
			isa = PBXGroup;
			children = (
				3A5780692B7AB60D0001A30F /* shared */,
				3AF71A0D2B8CE23100E1AF00 /* imagesList */,
				3A1697EE2B87E6600002ED41 /* profileView */,
				3A72FAD62B7161A200B5BD10 /* auth */,
				3A32CF7B2B5C56A00058B289 /* Font */,
				3A38400A2B448FC500094252 /* AppDelegate.swift */,
				3A38400C2B448FC500094252 /* SceneDelegate.swift */,
				3AF71A082B8BB57C00E1AF00 /* TabBarController.swift */,
				3A3840102B448FC500094252 /* Main.storyboard */,
				3A3840132B448FC600094252 /* Assets.xcassets */,
				3A3840152B448FC600094252 /* LaunchScreen.storyboard */,
				3A3840182B448FC600094252 /* Info.plist */,
			);
			path = ImageFeed;
			sourceTree = "<group>";
		};
		3A5780692B7AB60D0001A30F /* shared */ = {
			isa = PBXGroup;
			children = (
				3A6CCD902B92730900E8773F /* AlertPresenting */,
				3A7760002B84EE8700B2553E /* progressHUD */,
				3ACFD5832B7A36D00019B543 /* networking */,
				3A4CA15B2B692890007A0D43 /* Constants.swift */,
				3A1698052B89F59D0002ED41 /* ErrorPrinter.swift */,
			);
			path = shared;
			sourceTree = "<group>";
		};
		3A6CCD902B92730900E8773F /* AlertPresenting */ = {
			isa = PBXGroup;
			children = (
				3A6CCD8E2B92730500E8773F /* AlertModel.swift */,
				3A6CCD8C2B9272D700E8773F /* UIViewController+AlertPresentation.swift */,
			);
			path = AlertPresenting;
			sourceTree = "<group>";
		};
		3A6CCD912B94D97200E8773F /* services */ = {
			isa = PBXGroup;
			children = (
				3A6CCD922B94D97D00E8773F /* ImagesListService.swift */,
			);
			path = services;
			sourceTree = "<group>";
		};
		3A6CCD942B94D9F800E8773F /* models */ = {
			isa = PBXGroup;
			children = (
				3A6CCD952B94DA0400E8773F /* Photo.swift */,
				3A6CCD972B94E49600E8773F /* PhotoResult.swift */,
			);
			path = models;
			sourceTree = "<group>";
		};
		3A6CCD992B94E66300E8773F /* requests */ = {
			isa = PBXGroup;
			children = (
				3A6CCD9A2B94E67F00E8773F /* ImageListRequest.swift */,
			);
			path = requests;
			sourceTree = "<group>";
		};
		3A6CCDA12B94F97400E8773F /* ImageFeedTests */ = {
			isa = PBXGroup;
			children = (
				3A6CCDA22B94F97400E8773F /* ImagesListServiceTests.swift */,
			);
			path = ImageFeedTests;
			sourceTree = "<group>";
		};
		3A72FAD62B7161A200B5BD10 /* auth */ = {
			isa = PBXGroup;
			children = (
				3A1697FB2B8905140002ED41 /* models */,
				3AF71A0C2B8CE1DA00E1AF00 /* views */,
				3ACFD5952B7A55240019B543 /* requests */,
				3A1BF11F2B7BD4F80073CA61 /* services */,
				3A1BF11E2B7BD4DB0073CA61 /* models */,
			);
			path = auth;
			sourceTree = "<group>";
		};
		3A7760002B84EE8700B2553E /* progressHUD */ = {
			isa = PBXGroup;
			children = (
				3A7760012B84EE9700B2553E /* UIBlockingProgressHUD.swift */,
			);
			path = progressHUD;
			sourceTree = "<group>";
		};
		3AA741E32B9C6E8900773E3E /* views */ = {
			isa = PBXGroup;
			children = (
			);
			path = views;
			sourceTree = "<group>";
		};
		3ACFD5832B7A36D00019B543 /* networking */ = {
			isa = PBXGroup;
			children = (
				3ACFD5842B7A36E80019B543 /* RequestProtocol.swift */,
				3ACFD5872B7A370D0019B543 /* RequestType.swift */,
				3ACFD5892B7A37440019B543 /* NetworkError.swift */,
				3ACFD58F2B7A37FE0019B543 /* DataParser.swift */,
				3A1698032B89E5130002ED41 /* URLSession+extension.swift */,
			);
			path = networking;
			sourceTree = "<group>";
		};
		3ACFD5952B7A55240019B543 /* requests */ = {
			isa = PBXGroup;
			children = (
				3ACFD5932B7A52D60019B543 /* CodeRequest.swift */,
				3ACFD5962B7A572B0019B543 /* TokenRequest.swift */,
				3A1697F82B88EAB60002ED41 /* ProfileRequest.swift */,
				3A1698012B89502A0002ED41 /* ProfileImageRequest.swift */,
			);
			path = requests;
			sourceTree = "<group>";
		};
		3AF71A0C2B8CE1DA00E1AF00 /* views */ = {
			isa = PBXGroup;
			children = (
				3A1BF11A2B7BAF320073CA61 /* SplashViewController.swift */,
				3A72FAD42B715F2600B5BD10 /* AuthViewController.swift */,
				3A72FAD72B7168EE00B5BD10 /* WebViewViewController.swift */,
			);
			path = views;
			sourceTree = "<group>";
		};
		3AF71A0D2B8CE23100E1AF00 /* imagesList */ = {
			isa = PBXGroup;
			children = (
				3AA741E32B9C6E8900773E3E /* views */,
				3A6CCD992B94E66300E8773F /* requests */,
				3A6CCD942B94D9F800E8773F /* models */,
				3A6CCD912B94D97200E8773F /* services */,
				3A38400E2B448FC500094252 /* ImagesListViewController.swift */,
				3A1B6A522B45ED7C0000F349 /* ImagesListCell.swift */,
				3A78FFE82B603DCA00E01A33 /* SingleImageViewController.swift */,
			);
			path = imagesList;
			sourceTree = "<group>";
		};
/* End PBXGroup section */

/* Begin PBXNativeTarget section */
		3A3840062B448FC500094252 /* ImageFeed */ = {
			isa = PBXNativeTarget;
			buildConfigurationList = 3A38401B2B448FC600094252 /* Build configuration list for PBXNativeTarget "ImageFeed" */;
			buildPhases = (
				3A3840032B448FC500094252 /* Sources */,
				3A3840042B448FC500094252 /* Frameworks */,
				3A3840052B448FC500094252 /* Resources */,
			);
			buildRules = (
			);
			dependencies = (
			);
			name = ImageFeed;
			packageProductDependencies = (
				3A775FFC2B80C55800B2553E /* ProgressHUD */,
				3AF71A032B8B863D00E1AF00 /* Kingfisher */,
				3AF71A062B8B98AB00E1AF00 /* SwiftKeychainWrapper */,
			);
			productName = ImageFeed;
			productReference = 3A3840072B448FC500094252 /* ImageFeed.app */;
			productType = "com.apple.product-type.application";
		};
		3A6CCD9F2B94F97400E8773F /* ImageFeedTests */ = {
			isa = PBXNativeTarget;
			buildConfigurationList = 3A6CCDA62B94F97400E8773F /* Build configuration list for PBXNativeTarget "ImageFeedTests" */;
			buildPhases = (
				3A6CCD9C2B94F97400E8773F /* Sources */,
				3A6CCD9D2B94F97400E8773F /* Frameworks */,
				3A6CCD9E2B94F97400E8773F /* Resources */,
			);
			buildRules = (
			);
			dependencies = (
				3A6CCDA52B94F97400E8773F /* PBXTargetDependency */,
			);
			name = ImageFeedTests;
			productName = ImageFeedTests;
			productReference = 3A6CCDA02B94F97400E8773F /* ImageFeedTests.xctest */;
			productType = "com.apple.product-type.bundle.unit-test";
		};
/* End PBXNativeTarget section */

/* Begin PBXProject section */
		3A383FFF2B448FC500094252 /* Project object */ = {
			isa = PBXProject;
			attributes = {
				BuildIndependentTargetsInParallel = 1;
				LastSwiftUpdateCheck = 1520;
				LastUpgradeCheck = 1510;
				TargetAttributes = {
					3A3840062B448FC500094252 = {
						CreatedOnToolsVersion = 15.1;
					};
					3A6CCD9F2B94F97400E8773F = {
						CreatedOnToolsVersion = 15.2;
						TestTargetID = 3A3840062B448FC500094252;
					};
				};
			};
			buildConfigurationList = 3A3840022B448FC500094252 /* Build configuration list for PBXProject "ImageFeed" */;
			compatibilityVersion = "Xcode 14.0";
			developmentRegion = en;
			hasScannedForEncodings = 0;
			knownRegions = (
				en,
				Base,
			);
			mainGroup = 3A383FFE2B448FC500094252;
			packageReferences = (
				3A775FFB2B80C55800B2553E /* XCRemoteSwiftPackageReference "ProgressHUD" */,
				3AF71A022B8B863D00E1AF00 /* XCRemoteSwiftPackageReference "Kingfisher" */,
				3AF71A052B8B98AA00E1AF00 /* XCRemoteSwiftPackageReference "SwiftKeychainWrapper" */,
			);
			productRefGroup = 3A3840082B448FC500094252 /* Products */;
			projectDirPath = "";
			projectRoot = "";
			targets = (
				3A3840062B448FC500094252 /* ImageFeed */,
				3A6CCD9F2B94F97400E8773F /* ImageFeedTests */,
			);
		};
/* End PBXProject section */

/* Begin PBXResourcesBuildPhase section */
		3A3840052B448FC500094252 /* Resources */ = {
			isa = PBXResourcesBuildPhase;
			buildActionMask = 2147483647;
			files = (
				3A3840172B448FC600094252 /* LaunchScreen.storyboard in Resources */,
				3A32CF7D2B5C56E50058B289 /* YSDisplay-Medium.ttf in Resources */,
				3A32CF7F2B5C56EC0058B289 /* YSDisplay-Bold.ttf in Resources */,
				3A3840142B448FC600094252 /* Assets.xcassets in Resources */,
				3A3840122B448FC500094252 /* Main.storyboard in Resources */,
			);
			runOnlyForDeploymentPostprocessing = 0;
		};
		3A6CCD9E2B94F97400E8773F /* Resources */ = {
			isa = PBXResourcesBuildPhase;
			buildActionMask = 2147483647;
			files = (
			);
			runOnlyForDeploymentPostprocessing = 0;
		};
/* End PBXResourcesBuildPhase section */

/* Begin PBXSourcesBuildPhase section */
		3A3840032B448FC500094252 /* Sources */ = {
			isa = PBXSourcesBuildPhase;
			buildActionMask = 2147483647;
			files = (
				3A1697FD2B892E710002ED41 /* ProfileImageService.swift in Sources */,
				3A72FAD82B7168EE00B5BD10 /* WebViewViewController.swift in Sources */,
				3ACFD5902B7A37FE0019B543 /* DataParser.swift in Sources */,
				3A1697F62B88E9C00002ED41 /* Profile.swift in Sources */,
				3ACFD5922B7A387E0019B543 /* OAuthTokenResponseBody.swift in Sources */,
				3A6CCD9B2B94E67F00E8773F /* ImageListRequest.swift in Sources */,
				3A7760022B84EE9700B2553E /* UIBlockingProgressHUD.swift in Sources */,
				3A6CCD8F2B92730500E8773F /* AlertModel.swift in Sources */,
				3A38400F2B448FC500094252 /* ImagesListViewController.swift in Sources */,
				3ACFD5972B7A572B0019B543 /* TokenRequest.swift in Sources */,
				3A1697F22B87E6B60002ED41 /* ProfileResult.swift in Sources */,
				3A1697FF2B892E910002ED41 /* UserResult.swift in Sources */,
				3A6CCD982B94E49600E8773F /* PhotoResult.swift in Sources */,
				3A38400B2B448FC500094252 /* AppDelegate.swift in Sources */,
				3A6CCD8D2B9272D700E8773F /* UIViewController+AlertPresentation.swift in Sources */,
				3A1698062B89F59D0002ED41 /* ErrorPrinter.swift in Sources */,
				3A32CF7A2B5C4DF70058B289 /* ProfileViewController.swift in Sources */,
				3A1697FA2B88F7030002ED41 /* ProfileService.swift in Sources */,
				3A1698042B89E5130002ED41 /* URLSession+extension.swift in Sources */,
				3A38400D2B448FC500094252 /* SceneDelegate.swift in Sources */,
				3A6CCD962B94DA0400E8773F /* Photo.swift in Sources */,
				3A1697F92B88EAB60002ED41 /* ProfileRequest.swift in Sources */,
				3ACFD5942B7A52D60019B543 /* CodeRequest.swift in Sources */,
				3ACFD59A2B7A6EF60019B543 /* OAuth2Service.swift in Sources */,
				3A6CCD932B94D97D00E8773F /* ImagesListService.swift in Sources */,
				3A1BF11B2B7BAF320073CA61 /* SplashViewController.swift in Sources */,
				3ACFD5852B7A36E80019B543 /* RequestProtocol.swift in Sources */,
				3A1698022B89502A0002ED41 /* ProfileImageRequest.swift in Sources */,
				3A78FFE92B603DCA00E01A33 /* SingleImageViewController.swift in Sources */,
				3AF71A092B8BB57C00E1AF00 /* TabBarController.swift in Sources */,
				3A1B6A532B45ED7C0000F349 /* ImagesListCell.swift in Sources */,
				3A72FAD52B715F2600B5BD10 /* AuthViewController.swift in Sources */,
				3ACFD58A2B7A37440019B543 /* NetworkError.swift in Sources */,
				3A4CA15C2B692890007A0D43 /* Constants.swift in Sources */,
				3ACFD5882B7A370D0019B543 /* RequestType.swift in Sources */,
			);
			runOnlyForDeploymentPostprocessing = 0;
		};
		3A6CCD9C2B94F97400E8773F /* Sources */ = {
			isa = PBXSourcesBuildPhase;
			buildActionMask = 2147483647;
			files = (
				3A6CCDA32B94F97400E8773F /* ImagesListServiceTests.swift in Sources */,
			);
			runOnlyForDeploymentPostprocessing = 0;
		};
/* End PBXSourcesBuildPhase section */

/* Begin PBXTargetDependency section */
		3A6CCDA52B94F97400E8773F /* PBXTargetDependency */ = {
			isa = PBXTargetDependency;
			target = 3A3840062B448FC500094252 /* ImageFeed */;
			targetProxy = 3A6CCDA42B94F97400E8773F /* PBXContainerItemProxy */;
		};
/* End PBXTargetDependency section */

/* Begin PBXVariantGroup section */
		3A3840102B448FC500094252 /* Main.storyboard */ = {
			isa = PBXVariantGroup;
			children = (
				3A3840112B448FC500094252 /* Base */,
			);
			name = Main.storyboard;
			sourceTree = "<group>";
		};
		3A3840152B448FC600094252 /* LaunchScreen.storyboard */ = {
			isa = PBXVariantGroup;
			children = (
				3A3840162B448FC600094252 /* Base */,
			);
			name = LaunchScreen.storyboard;
			sourceTree = "<group>";
		};
/* End PBXVariantGroup section */

/* Begin XCBuildConfiguration section */
		3A3840192B448FC600094252 /* Debug */ = {
			isa = XCBuildConfiguration;
			buildSettings = {
				ALWAYS_SEARCH_USER_PATHS = NO;
				ASSETCATALOG_COMPILER_GENERATE_SWIFT_ASSET_SYMBOL_EXTENSIONS = YES;
				CLANG_ANALYZER_NONNULL = YES;
				CLANG_ANALYZER_NUMBER_OBJECT_CONVERSION = YES_AGGRESSIVE;
				CLANG_CXX_LANGUAGE_STANDARD = "gnu++20";
				CLANG_ENABLE_MODULES = YES;
				CLANG_ENABLE_OBJC_ARC = YES;
				CLANG_ENABLE_OBJC_WEAK = YES;
				CLANG_WARN_BLOCK_CAPTURE_AUTORELEASING = YES;
				CLANG_WARN_BOOL_CONVERSION = YES;
				CLANG_WARN_COMMA = YES;
				CLANG_WARN_CONSTANT_CONVERSION = YES;
				CLANG_WARN_DEPRECATED_OBJC_IMPLEMENTATIONS = YES;
				CLANG_WARN_DIRECT_OBJC_ISA_USAGE = YES_ERROR;
				CLANG_WARN_DOCUMENTATION_COMMENTS = YES;
				CLANG_WARN_EMPTY_BODY = YES;
				CLANG_WARN_ENUM_CONVERSION = YES;
				CLANG_WARN_INFINITE_RECURSION = YES;
				CLANG_WARN_INT_CONVERSION = YES;
				CLANG_WARN_NON_LITERAL_NULL_CONVERSION = YES;
				CLANG_WARN_OBJC_IMPLICIT_RETAIN_SELF = YES;
				CLANG_WARN_OBJC_LITERAL_CONVERSION = YES;
				CLANG_WARN_OBJC_ROOT_CLASS = YES_ERROR;
				CLANG_WARN_QUOTED_INCLUDE_IN_FRAMEWORK_HEADER = YES;
				CLANG_WARN_RANGE_LOOP_ANALYSIS = YES;
				CLANG_WARN_STRICT_PROTOTYPES = YES;
				CLANG_WARN_SUSPICIOUS_MOVE = YES;
				CLANG_WARN_UNGUARDED_AVAILABILITY = YES_AGGRESSIVE;
				CLANG_WARN_UNREACHABLE_CODE = YES;
				CLANG_WARN__DUPLICATE_METHOD_MATCH = YES;
				COPY_PHASE_STRIP = NO;
				DEBUG_INFORMATION_FORMAT = dwarf;
				ENABLE_STRICT_OBJC_MSGSEND = YES;
				ENABLE_TESTABILITY = YES;
				ENABLE_USER_SCRIPT_SANDBOXING = YES;
				GCC_C_LANGUAGE_STANDARD = gnu17;
				GCC_DYNAMIC_NO_PIC = NO;
				GCC_NO_COMMON_BLOCKS = YES;
				GCC_OPTIMIZATION_LEVEL = 0;
				GCC_PREPROCESSOR_DEFINITIONS = (
					"DEBUG=1",
					"$(inherited)",
				);
				GCC_WARN_64_TO_32_BIT_CONVERSION = YES;
				GCC_WARN_ABOUT_RETURN_TYPE = YES_ERROR;
				GCC_WARN_UNDECLARED_SELECTOR = YES;
				GCC_WARN_UNINITIALIZED_AUTOS = YES_AGGRESSIVE;
				GCC_WARN_UNUSED_FUNCTION = YES;
				GCC_WARN_UNUSED_VARIABLE = YES;
				IPHONEOS_DEPLOYMENT_TARGET = 13.0;
				LOCALIZATION_PREFERS_STRING_CATALOGS = YES;
				MTL_ENABLE_DEBUG_INFO = INCLUDE_SOURCE;
				MTL_FAST_MATH = YES;
				ONLY_ACTIVE_ARCH = YES;
				SDKROOT = iphoneos;
				SWIFT_ACTIVE_COMPILATION_CONDITIONS = "DEBUG $(inherited)";
				SWIFT_OPTIMIZATION_LEVEL = "-Onone";
			};
			name = Debug;
		};
		3A38401A2B448FC600094252 /* Release */ = {
			isa = XCBuildConfiguration;
			buildSettings = {
				ALWAYS_SEARCH_USER_PATHS = NO;
				ASSETCATALOG_COMPILER_GENERATE_SWIFT_ASSET_SYMBOL_EXTENSIONS = YES;
				CLANG_ANALYZER_NONNULL = YES;
				CLANG_ANALYZER_NUMBER_OBJECT_CONVERSION = YES_AGGRESSIVE;
				CLANG_CXX_LANGUAGE_STANDARD = "gnu++20";
				CLANG_ENABLE_MODULES = YES;
				CLANG_ENABLE_OBJC_ARC = YES;
				CLANG_ENABLE_OBJC_WEAK = YES;
				CLANG_WARN_BLOCK_CAPTURE_AUTORELEASING = YES;
				CLANG_WARN_BOOL_CONVERSION = YES;
				CLANG_WARN_COMMA = YES;
				CLANG_WARN_CONSTANT_CONVERSION = YES;
				CLANG_WARN_DEPRECATED_OBJC_IMPLEMENTATIONS = YES;
				CLANG_WARN_DIRECT_OBJC_ISA_USAGE = YES_ERROR;
				CLANG_WARN_DOCUMENTATION_COMMENTS = YES;
				CLANG_WARN_EMPTY_BODY = YES;
				CLANG_WARN_ENUM_CONVERSION = YES;
				CLANG_WARN_INFINITE_RECURSION = YES;
				CLANG_WARN_INT_CONVERSION = YES;
				CLANG_WARN_NON_LITERAL_NULL_CONVERSION = YES;
				CLANG_WARN_OBJC_IMPLICIT_RETAIN_SELF = YES;
				CLANG_WARN_OBJC_LITERAL_CONVERSION = YES;
				CLANG_WARN_OBJC_ROOT_CLASS = YES_ERROR;
				CLANG_WARN_QUOTED_INCLUDE_IN_FRAMEWORK_HEADER = YES;
				CLANG_WARN_RANGE_LOOP_ANALYSIS = YES;
				CLANG_WARN_STRICT_PROTOTYPES = YES;
				CLANG_WARN_SUSPICIOUS_MOVE = YES;
				CLANG_WARN_UNGUARDED_AVAILABILITY = YES_AGGRESSIVE;
				CLANG_WARN_UNREACHABLE_CODE = YES;
				CLANG_WARN__DUPLICATE_METHOD_MATCH = YES;
				COPY_PHASE_STRIP = NO;
				DEBUG_INFORMATION_FORMAT = "dwarf-with-dsym";
				ENABLE_NS_ASSERTIONS = NO;
				ENABLE_STRICT_OBJC_MSGSEND = YES;
				ENABLE_USER_SCRIPT_SANDBOXING = YES;
				GCC_C_LANGUAGE_STANDARD = gnu17;
				GCC_NO_COMMON_BLOCKS = YES;
				GCC_WARN_64_TO_32_BIT_CONVERSION = YES;
				GCC_WARN_ABOUT_RETURN_TYPE = YES_ERROR;
				GCC_WARN_UNDECLARED_SELECTOR = YES;
				GCC_WARN_UNINITIALIZED_AUTOS = YES_AGGRESSIVE;
				GCC_WARN_UNUSED_FUNCTION = YES;
				GCC_WARN_UNUSED_VARIABLE = YES;
				IPHONEOS_DEPLOYMENT_TARGET = 13.0;
				LOCALIZATION_PREFERS_STRING_CATALOGS = YES;
				MTL_ENABLE_DEBUG_INFO = NO;
				MTL_FAST_MATH = YES;
				SDKROOT = iphoneos;
				SWIFT_COMPILATION_MODE = wholemodule;
				VALIDATE_PRODUCT = YES;
			};
			name = Release;
		};
		3A38401C2B448FC600094252 /* Debug */ = {
			isa = XCBuildConfiguration;
			buildSettings = {
				ASSETCATALOG_COMPILER_APPICON_NAME = AppIcon;
				ASSETCATALOG_COMPILER_GLOBAL_ACCENT_COLOR_NAME = AccentColor;
				CODE_SIGN_STYLE = Automatic;
				CURRENT_PROJECT_VERSION = 1;
				DEVELOPMENT_TEAM = H9MZGV7P22;
				GENERATE_INFOPLIST_FILE = YES;
				INFOPLIST_FILE = ImageFeed/Info.plist;
				INFOPLIST_KEY_UIApplicationSupportsIndirectInputEvents = YES;
				INFOPLIST_KEY_UILaunchStoryboardName = LaunchScreen;
				INFOPLIST_KEY_UIMainStoryboardFile = Main;
				INFOPLIST_KEY_UISupportedInterfaceOrientations = UIInterfaceOrientationPortrait;
				INFOPLIST_KEY_UISupportedInterfaceOrientations_iPad = "UIInterfaceOrientationLandscapeLeft UIInterfaceOrientationLandscapeRight UIInterfaceOrientationPortrait UIInterfaceOrientationPortraitUpsideDown";
				IPHONEOS_DEPLOYMENT_TARGET = 13.0;
				LD_RUNPATH_SEARCH_PATHS = (
					"$(inherited)",
					"@executable_path/Frameworks",
				);
				MARKETING_VERSION = 1.0;
				PRODUCT_BUNDLE_IDENTIFIER = com.antonlpf.ImageFeed;
				PRODUCT_NAME = "$(TARGET_NAME)";
				SUPPORTED_PLATFORMS = "iphoneos iphonesimulator";
				SUPPORTS_MACCATALYST = NO;
				SUPPORTS_MAC_DESIGNED_FOR_IPHONE_IPAD = NO;
				SUPPORTS_XR_DESIGNED_FOR_IPHONE_IPAD = NO;
				SWIFT_EMIT_LOC_STRINGS = YES;
				SWIFT_VERSION = 5.0;
				TARGETED_DEVICE_FAMILY = 1;
			};
			name = Debug;
		};
		3A38401D2B448FC600094252 /* Release */ = {
			isa = XCBuildConfiguration;
			buildSettings = {
				ASSETCATALOG_COMPILER_APPICON_NAME = AppIcon;
				ASSETCATALOG_COMPILER_GLOBAL_ACCENT_COLOR_NAME = AccentColor;
				CODE_SIGN_STYLE = Automatic;
				CURRENT_PROJECT_VERSION = 1;
				DEVELOPMENT_TEAM = H9MZGV7P22;
				GENERATE_INFOPLIST_FILE = YES;
				INFOPLIST_FILE = ImageFeed/Info.plist;
				INFOPLIST_KEY_UIApplicationSupportsIndirectInputEvents = YES;
				INFOPLIST_KEY_UILaunchStoryboardName = LaunchScreen;
				INFOPLIST_KEY_UIMainStoryboardFile = Main;
				INFOPLIST_KEY_UISupportedInterfaceOrientations = UIInterfaceOrientationPortrait;
				INFOPLIST_KEY_UISupportedInterfaceOrientations_iPad = "UIInterfaceOrientationLandscapeLeft UIInterfaceOrientationLandscapeRight UIInterfaceOrientationPortrait UIInterfaceOrientationPortraitUpsideDown";
				IPHONEOS_DEPLOYMENT_TARGET = 13.0;
				LD_RUNPATH_SEARCH_PATHS = (
					"$(inherited)",
					"@executable_path/Frameworks",
				);
				MARKETING_VERSION = 1.0;
				PRODUCT_BUNDLE_IDENTIFIER = com.antonlpf.ImageFeed;
				PRODUCT_NAME = "$(TARGET_NAME)";
				SUPPORTED_PLATFORMS = "iphoneos iphonesimulator";
				SUPPORTS_MACCATALYST = NO;
				SUPPORTS_MAC_DESIGNED_FOR_IPHONE_IPAD = NO;
				SUPPORTS_XR_DESIGNED_FOR_IPHONE_IPAD = NO;
				SWIFT_EMIT_LOC_STRINGS = YES;
				SWIFT_VERSION = 5.0;
				TARGETED_DEVICE_FAMILY = 1;
			};
			name = Release;
		};
		3A6CCDA72B94F97400E8773F /* Debug */ = {
			isa = XCBuildConfiguration;
			buildSettings = {
				BUNDLE_LOADER = "$(TEST_HOST)";
				CODE_SIGN_STYLE = Automatic;
				CURRENT_PROJECT_VERSION = 1;
				DEVELOPMENT_TEAM = H9MZGV7P22;
				GENERATE_INFOPLIST_FILE = YES;
				IPHONEOS_DEPLOYMENT_TARGET = 17.2;
				MARKETING_VERSION = 1.0;
				PRODUCT_BUNDLE_IDENTIFIER = com.antonlpf.ImageFeedTests;
				PRODUCT_NAME = "$(TARGET_NAME)";
				SWIFT_EMIT_LOC_STRINGS = NO;
				SWIFT_VERSION = 5.0;
				TARGETED_DEVICE_FAMILY = "1,2";
				TEST_HOST = "$(BUILT_PRODUCTS_DIR)/ImageFeed.app/$(BUNDLE_EXECUTABLE_FOLDER_PATH)/ImageFeed";
			};
			name = Debug;
		};
		3A6CCDA82B94F97400E8773F /* Release */ = {
			isa = XCBuildConfiguration;
			buildSettings = {
				BUNDLE_LOADER = "$(TEST_HOST)";
				CODE_SIGN_STYLE = Automatic;
				CURRENT_PROJECT_VERSION = 1;
				DEVELOPMENT_TEAM = H9MZGV7P22;
				GENERATE_INFOPLIST_FILE = YES;
				IPHONEOS_DEPLOYMENT_TARGET = 17.2;
				MARKETING_VERSION = 1.0;
				PRODUCT_BUNDLE_IDENTIFIER = com.antonlpf.ImageFeedTests;
				PRODUCT_NAME = "$(TARGET_NAME)";
				SWIFT_EMIT_LOC_STRINGS = NO;
				SWIFT_VERSION = 5.0;
				TARGETED_DEVICE_FAMILY = "1,2";
				TEST_HOST = "$(BUILT_PRODUCTS_DIR)/ImageFeed.app/$(BUNDLE_EXECUTABLE_FOLDER_PATH)/ImageFeed";
			};
			name = Release;
		};
/* End XCBuildConfiguration section */

/* Begin XCConfigurationList section */
		3A3840022B448FC500094252 /* Build configuration list for PBXProject "ImageFeed" */ = {
			isa = XCConfigurationList;
			buildConfigurations = (
				3A3840192B448FC600094252 /* Debug */,
				3A38401A2B448FC600094252 /* Release */,
			);
			defaultConfigurationIsVisible = 0;
			defaultConfigurationName = Release;
		};
		3A38401B2B448FC600094252 /* Build configuration list for PBXNativeTarget "ImageFeed" */ = {
			isa = XCConfigurationList;
			buildConfigurations = (
				3A38401C2B448FC600094252 /* Debug */,
				3A38401D2B448FC600094252 /* Release */,
			);
			defaultConfigurationIsVisible = 0;
			defaultConfigurationName = Release;
		};
		3A6CCDA62B94F97400E8773F /* Build configuration list for PBXNativeTarget "ImageFeedTests" */ = {
			isa = XCConfigurationList;
			buildConfigurations = (
				3A6CCDA72B94F97400E8773F /* Debug */,
				3A6CCDA82B94F97400E8773F /* Release */,
			);
			defaultConfigurationIsVisible = 0;
			defaultConfigurationName = Release;
		};
/* End XCConfigurationList section */

/* Begin XCRemoteSwiftPackageReference section */
		3A775FFB2B80C55800B2553E /* XCRemoteSwiftPackageReference "ProgressHUD" */ = {
			isa = XCRemoteSwiftPackageReference;
			repositoryURL = "https://github.com/relatedcode/ProgressHUD";
			requirement = {
				kind = exactVersion;
				version = 13.6.1;
			};
		};
		3AF71A022B8B863D00E1AF00 /* XCRemoteSwiftPackageReference "Kingfisher" */ = {
			isa = XCRemoteSwiftPackageReference;
			repositoryURL = "https://github.com/onevcat/Kingfisher.git";
			requirement = {
				kind = upToNextMajorVersion;
				minimumVersion = 7.11.0;
			};
		};
		3AF71A052B8B98AA00E1AF00 /* XCRemoteSwiftPackageReference "SwiftKeychainWrapper" */ = {
			isa = XCRemoteSwiftPackageReference;
			repositoryURL = "https://github.com/jrendel/SwiftKeychainWrapper";
			requirement = {
				kind = upToNextMajorVersion;
				minimumVersion = 4.0.1;
			};
		};
/* End XCRemoteSwiftPackageReference section */

/* Begin XCSwiftPackageProductDependency section */
		3A775FFC2B80C55800B2553E /* ProgressHUD */ = {
			isa = XCSwiftPackageProductDependency;
			package = 3A775FFB2B80C55800B2553E /* XCRemoteSwiftPackageReference "ProgressHUD" */;
			productName = ProgressHUD;
		};
		3AF71A032B8B863D00E1AF00 /* Kingfisher */ = {
			isa = XCSwiftPackageProductDependency;
			package = 3AF71A022B8B863D00E1AF00 /* XCRemoteSwiftPackageReference "Kingfisher" */;
			productName = Kingfisher;
		};
		3AF71A062B8B98AB00E1AF00 /* SwiftKeychainWrapper */ = {
			isa = XCSwiftPackageProductDependency;
			package = 3AF71A052B8B98AA00E1AF00 /* XCRemoteSwiftPackageReference "SwiftKeychainWrapper" */;
			productName = SwiftKeychainWrapper;
		};
/* End XCSwiftPackageProductDependency section */
	};
	rootObject = 3A383FFF2B448FC500094252 /* Project object */;
}
